
Microsoft Visual Studio Solution File, Format Version 12.00
# Visual Studio Version 17
VisualStudioVersion = 17.9.34902.65
MinimumVisualStudioVersion = 10.0.40219.1
Project("{FAE04EC0-301F-11D3-BF4B-00C04F79EFBC}") = "InstaNote", "InstaNote\InstaNote.csproj", "{6D20B900-EEB6-4DF3-97E7-4C83589906C9}"
EndProject
Global
	GlobalSection(SolutionConfigurationPlatforms) = preSolution
		Debug|Any CPU = Debug|Any CPU
		Release|Any CPU = Release|Any CPU
	EndGlobalSection
	GlobalSection(ProjectConfigurationPlatforms) = postSolution
		{6D20B900-EEB6-4DF3-97E7-4C83589906C9}.Debug|Any CPU.ActiveCfg = Debug|Any CPU
		{6D20B900-EEB6-4DF3-97E7-4C83589906C9}.Debug|Any CPU.Build.0 = Debug|Any CPU
		{6D20B900-EEB6-4DF3-97E7-4C83589906C9}.Release|Any CPU.ActiveCfg = Release|Any CPU
		{6D20B900-EEB6-4DF3-97E7-4C83589906C9}.Release|Any CPU.Build.0 = Release|Any CPU
	EndGlobalSection
	GlobalSection(SolutionProperties) = preSolution
		HideSolutionNode = FALSE
	EndGlobalSection
	GlobalSection(ExtensibilityGlobals) = postSolution
		SolutionGuid = {6818F63B-4448-41A7-9DF3-5CBF79735B07}
	EndGlobalSection
EndGlobal
